// !$*UTF8*$!
{
	archiveVersion = 1;
	classes = {
	};
	objectVersion = 51;
	objects = {

/* Begin PBXBuildFile section */
		53BB920D9E11FD3B8D67736B /* Pods_MyChecklist.framework in Frameworks */ = {isa = PBXBuildFile; fileRef = 42CA260335FD4B9400BEF04C /* Pods_MyChecklist.framework */; };
		C71F5DB4286CC0FB00957208 /* RadioListView.swift in Sources */ = {isa = PBXBuildFile; fileRef = C71F5DB3286CC0FB00957208 /* RadioListView.swift */; };
		C71F5DB6286CC12100957208 /* RadioButton.swift in Sources */ = {isa = PBXBuildFile; fileRef = C71F5DB5286CC12100957208 /* RadioButton.swift */; };
		C72A4BA7286D8A400021DC57 /* Image.swift in Sources */ = {isa = PBXBuildFile; fileRef = C72A4BA6286D8A400021DC57 /* Image.swift */; };
		C72B9F2229B90A56008D78B4 /* ConstraintActivator.swift in Sources */ = {isa = PBXBuildFile; fileRef = C72B9F2129B90A56008D78B4 /* ConstraintActivator.swift */; };
		C72B9F2429B90CDE008D78B4 /* FilledButton.swift in Sources */ = {isa = PBXBuildFile; fileRef = C72B9F2329B90CDE008D78B4 /* FilledButton.swift */; };
		C72E181D27415C9300191706 /* Survey.swift in Sources */ = {isa = PBXBuildFile; fileRef = C72E181C27415C9300191706 /* Survey.swift */; };
		C73417972725647C005FC8C9 /* Gilroy-Regular.ttf in Resources */ = {isa = PBXBuildFile; fileRef = C73417962725647C005FC8C9 /* Gilroy-Regular.ttf */; };
		C7418B0F2710E03F0018A233 /* TestAnchorService.swift in Sources */ = {isa = PBXBuildFile; fileRef = C7418B0E2710E03F0018A233 /* TestAnchorService.swift */; };
		C7418B242710E3F70018A233 /* MyChecklistUnitTests.swift in Sources */ = {isa = PBXBuildFile; fileRef = C7418B232710E3F70018A233 /* MyChecklistUnitTests.swift */; };
		C74A2C0C26C6F1A9001F5508 /* AppDelegate.swift in Sources */ = {isa = PBXBuildFile; fileRef = C74A2C0B26C6F1A9001F5508 /* AppDelegate.swift */; };
		C74A2C0E26C6F1A9001F5508 /* SceneDelegate.swift in Sources */ = {isa = PBXBuildFile; fileRef = C74A2C0D26C6F1A9001F5508 /* SceneDelegate.swift */; };
		C74A2C1526C6F1AB001F5508 /* Assets.xcassets in Resources */ = {isa = PBXBuildFile; fileRef = C74A2C1426C6F1AB001F5508 /* Assets.xcassets */; };
		C74A2C1826C6F1AB001F5508 /* LaunchScreen.storyboard in Resources */ = {isa = PBXBuildFile; fileRef = C74A2C1626C6F1AB001F5508 /* LaunchScreen.storyboard */; };
		C76B762828434F0C00DB212D /* PartialApply.swift in Sources */ = {isa = PBXBuildFile; fileRef = C76B762728434F0C00DB212D /* PartialApply.swift */; };
		C76B762A28434FBD00DB212D /* Uncurry.swift in Sources */ = {isa = PBXBuildFile; fileRef = C76B762928434FBD00DB212D /* Uncurry.swift */; };
		C76B762D284D33B800DB212D /* Weakify.swift in Sources */ = {isa = PBXBuildFile; fileRef = C76B762C284D33B800DB212D /* Weakify.swift */; };
		C76B76382854B3D200DB212D /* TitleConvertible.swift in Sources */ = {isa = PBXBuildFile; fileRef = C76B76372854B3D200DB212D /* TitleConvertible.swift */; };
		C784888A27008418003240C9 /* MainViewController.swift in Sources */ = {isa = PBXBuildFile; fileRef = C784888827008418003240C9 /* MainViewController.swift */; };
		C784888F27008CA7003240C9 /* Gilroy-Bold.ttf in Resources */ = {isa = PBXBuildFile; fileRef = C784888E27008CA4003240C9 /* Gilroy-Bold.ttf */; };
		C784889127008CAD003240C9 /* Gilroy-Semibold.ttf in Resources */ = {isa = PBXBuildFile; fileRef = C784889027008CAD003240C9 /* Gilroy-Semibold.ttf */; };
		C784889327008EEF003240C9 /* Colors.xcassets in Resources */ = {isa = PBXBuildFile; fileRef = C784889227008EEF003240C9 /* Colors.xcassets */; };
		C789C6FC2710352B001E7B75 /* UserService.swift in Sources */ = {isa = PBXBuildFile; fileRef = C789C6FB2710352B001E7B75 /* UserService.swift */; };
		C789C6FE27103649001E7B75 /* User.swift in Sources */ = {isa = PBXBuildFile; fileRef = C789C6FD27103649001E7B75 /* User.swift */; };
		C789C70127103BAF001E7B75 /* NetworkLoggingPlugin.swift in Sources */ = {isa = PBXBuildFile; fileRef = C789C70027103BAF001E7B75 /* NetworkLoggingPlugin.swift */; };
		C789C71027104065001E7B75 /* TestAnchorJSON.swift in Sources */ = {isa = PBXBuildFile; fileRef = C789C70F27104065001E7B75 /* TestAnchorJSON.swift */; };
		C78AE85529AE979A00477D16 /* NavigationBarView.swift in Sources */ = {isa = PBXBuildFile; fileRef = C78AE85429AE979A00477D16 /* NavigationBarView.swift */; };
		C78AE85929AE9DE200477D16 /* Palette.swift in Sources */ = {isa = PBXBuildFile; fileRef = C78AE85829AE9DE200477D16 /* Palette.swift */; };
		C78AE85E29AEA52A00477D16 /* Localization.swift in Sources */ = {isa = PBXBuildFile; fileRef = C78AE85D29AEA52A00477D16 /* Localization.swift */; };
		C78AE86129AEABBE00477D16 /* ImageDescriptor .swift in Sources */ = {isa = PBXBuildFile; fileRef = C78AE86029AEABBE00477D16 /* ImageDescriptor .swift */; };
		C78AE86729B8C90A00477D16 /* SegmentedControl.swift in Sources */ = {isa = PBXBuildFile; fileRef = C78AE86629B8C90A00477D16 /* SegmentedControl.swift */; };
		C78AE86C29B8DA2100477D16 /* pass.swift in Sources */ = {isa = PBXBuildFile; fileRef = C78AE86B29B8DA2100477D16 /* pass.swift */; };
		C78AE86E29B8DA2B00477D16 /* FunctionComposition.swift in Sources */ = {isa = PBXBuildFile; fileRef = C78AE86D29B8DA2B00477D16 /* FunctionComposition.swift */; };
		C7AB92C4270F761000E4827B /* Constants.swift in Sources */ = {isa = PBXBuildFile; fileRef = C7AB92C3270F761000E4827B /* Constants.swift */; };
		C7AB92C6270F772E00E4827B /* UserApiMethod.swift in Sources */ = {isa = PBXBuildFile; fileRef = C7AB92C5270F772E00E4827B /* UserApiMethod.swift */; };
		C7F34EF02878507400A8DB74 /* Optional+Conformance.swift in Sources */ = {isa = PBXBuildFile; fileRef = C7F34EEF2878507400A8DB74 /* Optional+Conformance.swift */; };
/* End PBXBuildFile section */

/* Begin PBXContainerItemProxy section */
		C7418B252710E3F70018A233 /* PBXContainerItemProxy */ = {
			isa = PBXContainerItemProxy;
			containerPortal = C74A2C0026C6F1A9001F5508 /* Project object */;
			proxyType = 1;
			remoteGlobalIDString = C74A2C0726C6F1A9001F5508;
			remoteInfo = MyChecklist;
		};
/* End PBXContainerItemProxy section */

/* Begin PBXFileReference section */
		1490C37008ADFB04917EC3DB /* Pods-MyChecklist.debug.xcconfig */ = {isa = PBXFileReference; includeInIndex = 1; lastKnownFileType = text.xcconfig; name = "Pods-MyChecklist.debug.xcconfig"; path = "Target Support Files/Pods-MyChecklist/Pods-MyChecklist.debug.xcconfig"; sourceTree = "<group>"; };
		42CA260335FD4B9400BEF04C /* Pods_MyChecklist.framework */ = {isa = PBXFileReference; explicitFileType = wrapper.framework; includeInIndex = 0; path = Pods_MyChecklist.framework; sourceTree = BUILT_PRODUCTS_DIR; };
		634AC44DAE9B43728C008EFE /* Pods-MyChecklist.release.xcconfig */ = {isa = PBXFileReference; includeInIndex = 1; lastKnownFileType = text.xcconfig; name = "Pods-MyChecklist.release.xcconfig"; path = "Target Support Files/Pods-MyChecklist/Pods-MyChecklist.release.xcconfig"; sourceTree = "<group>"; };
		C71F5DB3286CC0FB00957208 /* RadioListView.swift */ = {isa = PBXFileReference; lastKnownFileType = sourcecode.swift; path = RadioListView.swift; sourceTree = "<group>"; };
		C71F5DB5286CC12100957208 /* RadioButton.swift */ = {isa = PBXFileReference; lastKnownFileType = sourcecode.swift; path = RadioButton.swift; sourceTree = "<group>"; };
		C72A4BA6286D8A400021DC57 /* Image.swift */ = {isa = PBXFileReference; lastKnownFileType = sourcecode.swift; path = Image.swift; sourceTree = "<group>"; };
		C72B9F2129B90A56008D78B4 /* ConstraintActivator.swift */ = {isa = PBXFileReference; lastKnownFileType = sourcecode.swift; path = ConstraintActivator.swift; sourceTree = "<group>"; };
		C72B9F2329B90CDE008D78B4 /* FilledButton.swift */ = {isa = PBXFileReference; lastKnownFileType = sourcecode.swift; path = FilledButton.swift; sourceTree = "<group>"; };
		C72E181C27415C9300191706 /* Survey.swift */ = {isa = PBXFileReference; lastKnownFileType = sourcecode.swift; path = Survey.swift; sourceTree = "<group>"; };
		C73417962725647C005FC8C9 /* Gilroy-Regular.ttf */ = {isa = PBXFileReference; lastKnownFileType = file; path = "Gilroy-Regular.ttf"; sourceTree = "<group>"; };
		C7418B0E2710E03F0018A233 /* TestAnchorService.swift */ = {isa = PBXFileReference; lastKnownFileType = sourcecode.swift; path = TestAnchorService.swift; sourceTree = "<group>"; };
		C7418B212710E3F70018A233 /* MyChecklistUnitTests.xctest */ = {isa = PBXFileReference; explicitFileType = wrapper.cfbundle; includeInIndex = 0; path = MyChecklistUnitTests.xctest; sourceTree = BUILT_PRODUCTS_DIR; };
		C7418B232710E3F70018A233 /* MyChecklistUnitTests.swift */ = {isa = PBXFileReference; lastKnownFileType = sourcecode.swift; path = MyChecklistUnitTests.swift; sourceTree = "<group>"; };
		C74A2C0826C6F1A9001F5508 /* MyChecklist.app */ = {isa = PBXFileReference; explicitFileType = wrapper.application; includeInIndex = 0; path = MyChecklist.app; sourceTree = BUILT_PRODUCTS_DIR; };
		C74A2C0B26C6F1A9001F5508 /* AppDelegate.swift */ = {isa = PBXFileReference; lastKnownFileType = sourcecode.swift; path = AppDelegate.swift; sourceTree = "<group>"; };
		C74A2C0D26C6F1A9001F5508 /* SceneDelegate.swift */ = {isa = PBXFileReference; lastKnownFileType = sourcecode.swift; path = SceneDelegate.swift; sourceTree = "<group>"; };
		C74A2C1426C6F1AB001F5508 /* Assets.xcassets */ = {isa = PBXFileReference; lastKnownFileType = folder.assetcatalog; path = Assets.xcassets; sourceTree = "<group>"; };
		C74A2C1726C6F1AB001F5508 /* Base */ = {isa = PBXFileReference; lastKnownFileType = file.storyboard; name = Base; path = Base.lproj/LaunchScreen.storyboard; sourceTree = "<group>"; };
		C74A2C1926C6F1AB001F5508 /* Info.plist */ = {isa = PBXFileReference; lastKnownFileType = text.plist.xml; path = Info.plist; sourceTree = "<group>"; };
		C76B762728434F0C00DB212D /* PartialApply.swift */ = {isa = PBXFileReference; lastKnownFileType = sourcecode.swift; path = PartialApply.swift; sourceTree = "<group>"; };
		C76B762928434FBD00DB212D /* Uncurry.swift */ = {isa = PBXFileReference; lastKnownFileType = sourcecode.swift; path = Uncurry.swift; sourceTree = "<group>"; };
		C76B762C284D33B800DB212D /* Weakify.swift */ = {isa = PBXFileReference; lastKnownFileType = sourcecode.swift; path = Weakify.swift; sourceTree = "<group>"; };
		C76B76372854B3D200DB212D /* TitleConvertible.swift */ = {isa = PBXFileReference; lastKnownFileType = sourcecode.swift; path = TitleConvertible.swift; sourceTree = "<group>"; };
		C784888827008418003240C9 /* MainViewController.swift */ = {isa = PBXFileReference; lastKnownFileType = sourcecode.swift; path = MainViewController.swift; sourceTree = "<group>"; };
		C784888E27008CA4003240C9 /* Gilroy-Bold.ttf */ = {isa = PBXFileReference; lastKnownFileType = file; path = "Gilroy-Bold.ttf"; sourceTree = "<group>"; };
		C784889027008CAD003240C9 /* Gilroy-Semibold.ttf */ = {isa = PBXFileReference; lastKnownFileType = file; path = "Gilroy-Semibold.ttf"; sourceTree = "<group>"; };
		C784889227008EEF003240C9 /* Colors.xcassets */ = {isa = PBXFileReference; lastKnownFileType = folder.assetcatalog; path = Colors.xcassets; sourceTree = "<group>"; };
		C789C6FB2710352B001E7B75 /* UserService.swift */ = {isa = PBXFileReference; lastKnownFileType = sourcecode.swift; path = UserService.swift; sourceTree = "<group>"; };
		C789C6FD27103649001E7B75 /* User.swift */ = {isa = PBXFileReference; lastKnownFileType = sourcecode.swift; path = User.swift; sourceTree = "<group>"; };
		C789C70027103BAF001E7B75 /* NetworkLoggingPlugin.swift */ = {isa = PBXFileReference; fileEncoding = 4; lastKnownFileType = sourcecode.swift; path = NetworkLoggingPlugin.swift; sourceTree = "<group>"; };
		C789C70F27104065001E7B75 /* TestAnchorJSON.swift */ = {isa = PBXFileReference; fileEncoding = 4; lastKnownFileType = sourcecode.swift; path = TestAnchorJSON.swift; sourceTree = "<group>"; };
		C78AE85429AE979A00477D16 /* NavigationBarView.swift */ = {isa = PBXFileReference; lastKnownFileType = sourcecode.swift; path = NavigationBarView.swift; sourceTree = "<group>"; };
		C78AE85829AE9DE200477D16 /* Palette.swift */ = {isa = PBXFileReference; lastKnownFileType = sourcecode.swift; path = Palette.swift; sourceTree = "<group>"; };
		C78AE85D29AEA52A00477D16 /* Localization.swift */ = {isa = PBXFileReference; lastKnownFileType = sourcecode.swift; path = Localization.swift; sourceTree = "<group>"; };
		C78AE86029AEABBE00477D16 /* ImageDescriptor .swift */ = {isa = PBXFileReference; lastKnownFileType = sourcecode.swift; path = "ImageDescriptor .swift"; sourceTree = "<group>"; };
		C78AE86629B8C90A00477D16 /* SegmentedControl.swift */ = {isa = PBXFileReference; lastKnownFileType = sourcecode.swift; path = SegmentedControl.swift; sourceTree = "<group>"; };
		C78AE86B29B8DA2100477D16 /* pass.swift */ = {isa = PBXFileReference; lastKnownFileType = sourcecode.swift; path = pass.swift; sourceTree = "<group>"; };
		C78AE86D29B8DA2B00477D16 /* FunctionComposition.swift */ = {isa = PBXFileReference; lastKnownFileType = sourcecode.swift; path = FunctionComposition.swift; sourceTree = "<group>"; };
		C7AB92C3270F761000E4827B /* Constants.swift */ = {isa = PBXFileReference; lastKnownFileType = sourcecode.swift; path = Constants.swift; sourceTree = "<group>"; };
		C7AB92C5270F772E00E4827B /* UserApiMethod.swift */ = {isa = PBXFileReference; lastKnownFileType = sourcecode.swift; path = UserApiMethod.swift; sourceTree = "<group>"; };
		C7F34EEF2878507400A8DB74 /* Optional+Conformance.swift */ = {isa = PBXFileReference; lastKnownFileType = sourcecode.swift; path = "Optional+Conformance.swift"; sourceTree = "<group>"; };
/* End PBXFileReference section */

/* Begin PBXFrameworksBuildPhase section */
		C7418B1E2710E3F70018A233 /* Frameworks */ = {
			isa = PBXFrameworksBuildPhase;
			buildActionMask = 2147483647;
			files = (
			);
			runOnlyForDeploymentPostprocessing = 0;
		};
		C74A2C0526C6F1A9001F5508 /* Frameworks */ = {
			isa = PBXFrameworksBuildPhase;
			buildActionMask = 2147483647;
			files = (
				53BB920D9E11FD3B8D67736B /* Pods_MyChecklist.framework in Frameworks */,
			);
			runOnlyForDeploymentPostprocessing = 0;
		};
/* End PBXFrameworksBuildPhase section */

/* Begin PBXGroup section */
		2A7DE48EE26C24CEAC99DD89 /* Pods */ = {
			isa = PBXGroup;
			children = (
				1490C37008ADFB04917EC3DB /* Pods-MyChecklist.debug.xcconfig */,
				634AC44DAE9B43728C008EFE /* Pods-MyChecklist.release.xcconfig */,
			);
			path = Pods;
			sourceTree = "<group>";
		};
		7655E4F1DD890BC1D71F5E54 /* Frameworks */ = {
			isa = PBXGroup;
			children = (
				42CA260335FD4B9400BEF04C /* Pods_MyChecklist.framework */,
			);
			name = Frameworks;
			sourceTree = "<group>";
		};
		C71F5DB0286C78B400957208 /* RadioButtons */ = {
			isa = PBXGroup;
			children = (
				C71F5DB3286CC0FB00957208 /* RadioListView.swift */,
				C71F5DB5286CC12100957208 /* RadioButton.swift */,
			);
			path = RadioButtons;
			sourceTree = "<group>";
		};
		C72B9F2029B90A4F008D78B4 /* Constraints */ = {
			isa = PBXGroup;
			children = (
				C72B9F2129B90A56008D78B4 /* ConstraintActivator.swift */,
			);
			path = Constraints;
			sourceTree = "<group>";
		};
		C7418B0D2710E0340018A233 /* Services */ = {
			isa = PBXGroup;
			children = (
				C7418B0E2710E03F0018A233 /* TestAnchorService.swift */,
			);
			path = Services;
			sourceTree = "<group>";
		};
		C7418B222710E3F70018A233 /* MyChecklistUnitTests */ = {
			isa = PBXGroup;
			children = (
				C7418B232710E3F70018A233 /* MyChecklistUnitTests.swift */,
			);
			path = MyChecklistUnitTests;
			sourceTree = "<group>";
		};
		C74A2BFF26C6F1A9001F5508 = {
			isa = PBXGroup;
			children = (
				C74A2C0A26C6F1A9001F5508 /* MyChecklist */,
				C7418B222710E3F70018A233 /* MyChecklistUnitTests */,
				C74A2C0926C6F1A9001F5508 /* Products */,
				2A7DE48EE26C24CEAC99DD89 /* Pods */,
				7655E4F1DD890BC1D71F5E54 /* Frameworks */,
			);
			sourceTree = "<group>";
		};
		C74A2C0926C6F1A9001F5508 /* Products */ = {
			isa = PBXGroup;
			children = (
				C74A2C0826C6F1A9001F5508 /* MyChecklist.app */,
				C7418B212710E3F70018A233 /* MyChecklistUnitTests.xctest */,
			);
			name = Products;
			sourceTree = "<group>";
		};
		C74A2C0A26C6F1A9001F5508 /* MyChecklist */ = {
			isa = PBXGroup;
			children = (
				C784879D270074E6003240C9 /* Classes */,
				C74A2C0B26C6F1A9001F5508 /* AppDelegate.swift */,
				C74A2C0D26C6F1A9001F5508 /* SceneDelegate.swift */,
				C74A2C1426C6F1AB001F5508 /* Assets.xcassets */,
				C784889227008EEF003240C9 /* Colors.xcassets */,
				C74A2C1626C6F1AB001F5508 /* LaunchScreen.storyboard */,
				C74A2C1926C6F1AB001F5508 /* Info.plist */,
			);
			path = MyChecklist;
			sourceTree = "<group>";
		};
		C76B762628434EEF00DB212D /* Functional */ = {
			isa = PBXGroup;
			children = (
				C76B762728434F0C00DB212D /* PartialApply.swift */,
				C76B762928434FBD00DB212D /* Uncurry.swift */,
				C76B762C284D33B800DB212D /* Weakify.swift */,
				C78AE86B29B8DA2100477D16 /* pass.swift */,
				C78AE86D29B8DA2B00477D16 /* FunctionComposition.swift */,
			);
			path = Functional;
			sourceTree = "<group>";
		};
		C76B762B284D33A500DB212D /* Common */ = {
			isa = PBXGroup;
			children = (
				C76B762628434EEF00DB212D /* Functional */,
			);
			path = Common;
			sourceTree = "<group>";
		};
		C784879D270074E6003240C9 /* Classes */ = {
			isa = PBXGroup;
			children = (
				C784888C27008C9B003240C9 /* Common */,
				C78487A0270075C0003240C9 /* Models */,
				C784879F270075A0003240C9 /* BusinessLogic */,
				C784879E2700758B003240C9 /* Presentation */,
			);
			path = Classes;
			sourceTree = "<group>";
		};
		C784879E2700758B003240C9 /* Presentation */ = {
			isa = PBXGroup;
			children = (
				C72B9F2029B90A4F008D78B4 /* Constraints */,
				C78AE85F29AEABB800477D16 /* Images */,
				C78AE85C29AEA52100477D16 /* Localization */,
				C78AE85729AE9DCB00477D16 /* Palette */,
				C78AE85329AE979100477D16 /* NavigationBar */,
				C71F5DB0286C78B400957208 /* RadioButtons */,
				C784887927007EBB003240C9 /* Main */,
			);
			path = Presentation;
			sourceTree = "<group>";
		};
		C784879F270075A0003240C9 /* BusinessLogic */ = {
			isa = PBXGroup;
			children = (
				C76B762B284D33A500DB212D /* Common */,
				C7418B0D2710E0340018A233 /* Services */,
				C7AB92C2270F760500E4827B /* Network */,
			);
			path = BusinessLogic;
			sourceTree = "<group>";
		};
		C78487A0270075C0003240C9 /* Models */ = {
			isa = PBXGroup;
			children = (
				C789C70F27104065001E7B75 /* TestAnchorJSON.swift */,
				C72E181C27415C9300191706 /* Survey.swift */,
				C76B76372854B3D200DB212D /* TitleConvertible.swift */,
				C789C6FD27103649001E7B75 /* User.swift */,
				C7F34EEF2878507400A8DB74 /* Optional+Conformance.swift */,
			);
			path = Models;
			sourceTree = "<group>";
		};
		C784887927007EBB003240C9 /* Main */ = {
			isa = PBXGroup;
			children = (
				C784888827008418003240C9 /* MainViewController.swift */,
			);
			path = Main;
			sourceTree = "<group>";
		};
		C784888C27008C9B003240C9 /* Common */ = {
			isa = PBXGroup;
			children = (
				C784888D27008C9E003240C9 /* Fonts */,
				C72A4BA6286D8A400021DC57 /* Image.swift */,
			);
			path = Common;
			sourceTree = "<group>";
		};
		C784888D27008C9E003240C9 /* Fonts */ = {
			isa = PBXGroup;
			children = (
				C73417962725647C005FC8C9 /* Gilroy-Regular.ttf */,
				C784889027008CAD003240C9 /* Gilroy-Semibold.ttf */,
				C784888E27008CA4003240C9 /* Gilroy-Bold.ttf */,
			);
			path = Fonts;
			sourceTree = "<group>";
		};
		C789C6F92710351A001E7B75 /* MoyaServices */ = {
			isa = PBXGroup;
			children = (
				C7AB92C5270F772E00E4827B /* UserApiMethod.swift */,
			);
			path = MoyaServices;
			sourceTree = "<group>";
		};
		C789C6FA27103524001E7B75 /* ConcreteServices */ = {
			isa = PBXGroup;
			children = (
				C789C6FB2710352B001E7B75 /* UserService.swift */,
			);
			path = ConcreteServices;
			sourceTree = "<group>";
		};
		C78AE85329AE979100477D16 /* NavigationBar */ = {
			isa = PBXGroup;
			children = (
				C78AE85429AE979A00477D16 /* NavigationBarView.swift */,
				C78AE86629B8C90A00477D16 /* SegmentedControl.swift */,
				C72B9F2329B90CDE008D78B4 /* FilledButton.swift */,
			);
			path = NavigationBar;
			sourceTree = "<group>";
		};
		C78AE85729AE9DCB00477D16 /* Palette */ = {
			isa = PBXGroup;
			children = (
				C78AE85829AE9DE200477D16 /* Palette.swift */,
			);
			path = Palette;
			sourceTree = "<group>";
		};
		C78AE85C29AEA52100477D16 /* Localization */ = {
			isa = PBXGroup;
			children = (
				C78AE85D29AEA52A00477D16 /* Localization.swift */,
			);
			path = Localization;
			sourceTree = "<group>";
		};
		C78AE85F29AEABB800477D16 /* Images */ = {
			isa = PBXGroup;
			children = (
				C78AE86029AEABBE00477D16 /* ImageDescriptor .swift */,
			);
			path = Images;
			sourceTree = "<group>";
		};
		C7AB92C2270F760500E4827B /* Network */ = {
			isa = PBXGroup;
			children = (
				C789C6FA27103524001E7B75 /* ConcreteServices */,
				C789C6F92710351A001E7B75 /* MoyaServices */,
				C7AB92C3270F761000E4827B /* Constants.swift */,
				C789C70027103BAF001E7B75 /* NetworkLoggingPlugin.swift */,
			);
			path = Network;
			sourceTree = "<group>";
		};
/* End PBXGroup section */

/* Begin PBXNativeTarget section */
		C7418B202710E3F70018A233 /* MyChecklistUnitTests */ = {
			isa = PBXNativeTarget;
			buildConfigurationList = C7418B272710E3F70018A233 /* Build configuration list for PBXNativeTarget "MyChecklistUnitTests" */;
			buildPhases = (
				C7418B1D2710E3F70018A233 /* Sources */,
				C7418B1E2710E3F70018A233 /* Frameworks */,
				C7418B1F2710E3F70018A233 /* Resources */,
			);
			buildRules = (
			);
			dependencies = (
				C7418B262710E3F70018A233 /* PBXTargetDependency */,
			);
			name = MyChecklistUnitTests;
			productName = MyChecklistUnitTests;
			productReference = C7418B212710E3F70018A233 /* MyChecklistUnitTests.xctest */;
			productType = "com.apple.product-type.bundle.unit-test";
		};
		C74A2C0726C6F1A9001F5508 /* MyChecklist */ = {
			isa = PBXNativeTarget;
			buildConfigurationList = C74A2C1C26C6F1AB001F5508 /* Build configuration list for PBXNativeTarget "MyChecklist" */;
			buildPhases = (
				CE9BD93D0D9F5F2ED82832A1 /* [CP] Check Pods Manifest.lock */,
				C74A2C0426C6F1A9001F5508 /* Sources */,
				C74A2C0526C6F1A9001F5508 /* Frameworks */,
				C74A2C0626C6F1A9001F5508 /* Resources */,
				B6925440672B86500827F0D3 /* [CP] Embed Pods Frameworks */,
			);
			buildRules = (
			);
			dependencies = (
			);
			name = MyChecklist;
			productName = MyChecklist;
			productReference = C74A2C0826C6F1A9001F5508 /* MyChecklist.app */;
			productType = "com.apple.product-type.application";
		};
/* End PBXNativeTarget section */

/* Begin PBXProject section */
		C74A2C0026C6F1A9001F5508 /* Project object */ = {
			isa = PBXProject;
			attributes = {
				LastSwiftUpdateCheck = 1300;
				LastUpgradeCheck = 1250;
				TargetAttributes = {
					C7418B202710E3F70018A233 = {
						CreatedOnToolsVersion = 13.0;
						TestTargetID = C74A2C0726C6F1A9001F5508;
					};
					C74A2C0726C6F1A9001F5508 = {
						CreatedOnToolsVersion = 12.5.1;
					};
				};
			};
			buildConfigurationList = C74A2C0326C6F1A9001F5508 /* Build configuration list for PBXProject "MyChecklist" */;
			compatibilityVersion = "Xcode 9.3";
			developmentRegion = en;
			hasScannedForEncodings = 0;
			knownRegions = (
				en,
				Base,
			);
			mainGroup = C74A2BFF26C6F1A9001F5508;
			productRefGroup = C74A2C0926C6F1A9001F5508 /* Products */;
			projectDirPath = "";
			projectRoot = "";
			targets = (
				C74A2C0726C6F1A9001F5508 /* MyChecklist */,
				C7418B202710E3F70018A233 /* MyChecklistUnitTests */,
			);
		};
/* End PBXProject section */

/* Begin PBXResourcesBuildPhase section */
		C7418B1F2710E3F70018A233 /* Resources */ = {
			isa = PBXResourcesBuildPhase;
			buildActionMask = 2147483647;
			files = (
			);
			runOnlyForDeploymentPostprocessing = 0;
		};
		C74A2C0626C6F1A9001F5508 /* Resources */ = {
			isa = PBXResourcesBuildPhase;
			buildActionMask = 2147483647;
			files = (
				C74A2C1826C6F1AB001F5508 /* LaunchScreen.storyboard in Resources */,
				C784889127008CAD003240C9 /* Gilroy-Semibold.ttf in Resources */,
				C73417972725647C005FC8C9 /* Gilroy-Regular.ttf in Resources */,
				C784889327008EEF003240C9 /* Colors.xcassets in Resources */,
				C74A2C1526C6F1AB001F5508 /* Assets.xcassets in Resources */,
				C784888F27008CA7003240C9 /* Gilroy-Bold.ttf in Resources */,
			);
			runOnlyForDeploymentPostprocessing = 0;
		};
/* End PBXResourcesBuildPhase section */

/* Begin PBXShellScriptBuildPhase section */
		B6925440672B86500827F0D3 /* [CP] Embed Pods Frameworks */ = {
			isa = PBXShellScriptBuildPhase;
			buildActionMask = 2147483647;
			files = (
			);
			inputFileListPaths = (
				"${PODS_ROOT}/Target Support Files/Pods-MyChecklist/Pods-MyChecklist-frameworks-${CONFIGURATION}-input-files.xcfilelist",
			);
			name = "[CP] Embed Pods Frameworks";
			outputFileListPaths = (
				"${PODS_ROOT}/Target Support Files/Pods-MyChecklist/Pods-MyChecklist-frameworks-${CONFIGURATION}-output-files.xcfilelist",
			);
			runOnlyForDeploymentPostprocessing = 0;
			shellPath = /bin/sh;
			shellScript = "\"${PODS_ROOT}/Target Support Files/Pods-MyChecklist/Pods-MyChecklist-frameworks.sh\"\n";
			showEnvVarsInLog = 0;
		};
		CE9BD93D0D9F5F2ED82832A1 /* [CP] Check Pods Manifest.lock */ = {
			isa = PBXShellScriptBuildPhase;
			buildActionMask = 2147483647;
			files = (
			);
			inputFileListPaths = (
			);
			inputPaths = (
				"${PODS_PODFILE_DIR_PATH}/Podfile.lock",
				"${PODS_ROOT}/Manifest.lock",
			);
			name = "[CP] Check Pods Manifest.lock";
			outputFileListPaths = (
			);
			outputPaths = (
				"$(DERIVED_FILE_DIR)/Pods-MyChecklist-checkManifestLockResult.txt",
			);
			runOnlyForDeploymentPostprocessing = 0;
			shellPath = /bin/sh;
			shellScript = "diff \"${PODS_PODFILE_DIR_PATH}/Podfile.lock\" \"${PODS_ROOT}/Manifest.lock\" > /dev/null\nif [ $? != 0 ] ; then\n    # print error to STDERR\n    echo \"error: The sandbox is not in sync with the Podfile.lock. Run 'pod install' or update your CocoaPods installation.\" >&2\n    exit 1\nfi\n# This output is used by Xcode 'outputs' to avoid re-running this script phase.\necho \"SUCCESS\" > \"${SCRIPT_OUTPUT_FILE_0}\"\n";
			showEnvVarsInLog = 0;
		};
/* End PBXShellScriptBuildPhase section */

/* Begin PBXSourcesBuildPhase section */
		C7418B1D2710E3F70018A233 /* Sources */ = {
			isa = PBXSourcesBuildPhase;
			buildActionMask = 2147483647;
			files = (
				C7418B242710E3F70018A233 /* MyChecklistUnitTests.swift in Sources */,
			);
			runOnlyForDeploymentPostprocessing = 0;
		};
		C74A2C0426C6F1A9001F5508 /* Sources */ = {
			isa = PBXSourcesBuildPhase;
			buildActionMask = 2147483647;
			files = (
				C76B762A28434FBD00DB212D /* Uncurry.swift in Sources */,
				C74A2C0C26C6F1A9001F5508 /* AppDelegate.swift in Sources */,
				C76B76382854B3D200DB212D /* TitleConvertible.swift in Sources */,
				C71F5DB4286CC0FB00957208 /* RadioListView.swift in Sources */,
				C78AE86E29B8DA2B00477D16 /* FunctionComposition.swift in Sources */,
				C7F34EF02878507400A8DB74 /* Optional+Conformance.swift in Sources */,
				C72B9F2229B90A56008D78B4 /* ConstraintActivator.swift in Sources */,
				C72E181D27415C9300191706 /* Survey.swift in Sources */,
				C789C6FC2710352B001E7B75 /* UserService.swift in Sources */,
				C71F5DB6286CC12100957208 /* RadioButton.swift in Sources */,
				C789C6FE27103649001E7B75 /* User.swift in Sources */,
				C72B9F2429B90CDE008D78B4 /* FilledButton.swift in Sources */,
				C7418B0F2710E03F0018A233 /* TestAnchorService.swift in Sources */,
				C7AB92C6270F772E00E4827B /* UserApiMethod.swift in Sources */,
				C789C71027104065001E7B75 /* TestAnchorJSON.swift in Sources */,
				C78AE85E29AEA52A00477D16 /* Localization.swift in Sources */,
				C78AE86C29B8DA2100477D16 /* pass.swift in Sources */,
				C72A4BA7286D8A400021DC57 /* Image.swift in Sources */,
				C76B762828434F0C00DB212D /* PartialApply.swift in Sources */,
				C7AB92C4270F761000E4827B /* Constants.swift in Sources */,
				C789C70127103BAF001E7B75 /* NetworkLoggingPlugin.swift in Sources */,
				C74A2C0E26C6F1A9001F5508 /* SceneDelegate.swift in Sources */,
				C78AE86129AEABBE00477D16 /* ImageDescriptor .swift in Sources */,
				C76B762D284D33B800DB212D /* Weakify.swift in Sources */,
				C78AE86729B8C90A00477D16 /* SegmentedControl.swift in Sources */,
				C78AE85529AE979A00477D16 /* NavigationBarView.swift in Sources */,
				C784888A27008418003240C9 /* MainViewController.swift in Sources */,
				C78AE85929AE9DE200477D16 /* Palette.swift in Sources */,
			);
			runOnlyForDeploymentPostprocessing = 0;
		};
/* End PBXSourcesBuildPhase section */

/* Begin PBXTargetDependency section */
		C7418B262710E3F70018A233 /* PBXTargetDependency */ = {
			isa = PBXTargetDependency;
			target = C74A2C0726C6F1A9001F5508 /* MyChecklist */;
			targetProxy = C7418B252710E3F70018A233 /* PBXContainerItemProxy */;
		};
/* End PBXTargetDependency section */

/* Begin PBXVariantGroup section */
		C74A2C1626C6F1AB001F5508 /* LaunchScreen.storyboard */ = {
			isa = PBXVariantGroup;
			children = (
				C74A2C1726C6F1AB001F5508 /* Base */,
			);
			name = LaunchScreen.storyboard;
			sourceTree = "<group>";
		};
/* End PBXVariantGroup section */

/* Begin XCBuildConfiguration section */
		C7418B282710E3F70018A233 /* Debug */ = {
			isa = XCBuildConfiguration;
			buildSettings = {
				BUNDLE_LOADER = "$(TEST_HOST)";
				CLANG_CXX_LANGUAGE_STANDARD = "gnu++17";
				CODE_SIGN_STYLE = Automatic;
				CURRENT_PROJECT_VERSION = 1;
				DEVELOPMENT_TEAM = XV385A5Y4L;
				GENERATE_INFOPLIST_FILE = YES;
				IPHONEOS_DEPLOYMENT_TARGET = 15.0;
				LD_RUNPATH_SEARCH_PATHS = (
					"$(inherited)",
					"@executable_path/Frameworks",
					"@loader_path/Frameworks",
				);
				MARKETING_VERSION = 1.0;
				PRODUCT_BUNDLE_IDENTIFIER = ru.basharslanaliev.MyChecklistUnitTests;
				PRODUCT_NAME = "$(TARGET_NAME)";
				SWIFT_EMIT_LOC_STRINGS = NO;
				SWIFT_VERSION = 5.0;
				TARGETED_DEVICE_FAMILY = "1,2";
				TEST_HOST = "$(BUILT_PRODUCTS_DIR)/MyChecklist.app/MyChecklist";
			};
			name = Debug;
		};
		C7418B292710E3F70018A233 /* Release */ = {
			isa = XCBuildConfiguration;
			buildSettings = {
				BUNDLE_LOADER = "$(TEST_HOST)";
				CLANG_CXX_LANGUAGE_STANDARD = "gnu++17";
				CODE_SIGN_STYLE = Automatic;
				CURRENT_PROJECT_VERSION = 1;
				DEVELOPMENT_TEAM = XV385A5Y4L;
				GENERATE_INFOPLIST_FILE = YES;
				IPHONEOS_DEPLOYMENT_TARGET = 15.0;
				LD_RUNPATH_SEARCH_PATHS = (
					"$(inherited)",
					"@executable_path/Frameworks",
					"@loader_path/Frameworks",
				);
				MARKETING_VERSION = 1.0;
				PRODUCT_BUNDLE_IDENTIFIER = ru.basharslanaliev.MyChecklistUnitTests;
				PRODUCT_NAME = "$(TARGET_NAME)";
				SWIFT_EMIT_LOC_STRINGS = NO;
				SWIFT_VERSION = 5.0;
				TARGETED_DEVICE_FAMILY = "1,2";
				TEST_HOST = "$(BUILT_PRODUCTS_DIR)/MyChecklist.app/MyChecklist";
			};
			name = Release;
		};
		C74A2C1A26C6F1AB001F5508 /* Debug */ = {
			isa = XCBuildConfiguration;
			buildSettings = {
				ALWAYS_SEARCH_USER_PATHS = NO;
				CLANG_ANALYZER_NONNULL = YES;
				CLANG_ANALYZER_NUMBER_OBJECT_CONVERSION = YES_AGGRESSIVE;
				CLANG_CXX_LANGUAGE_STANDARD = "gnu++14";
				CLANG_CXX_LIBRARY = "libc++";
				CLANG_ENABLE_MODULES = YES;
				CLANG_ENABLE_OBJC_ARC = YES;
				CLANG_ENABLE_OBJC_WEAK = YES;
				CLANG_WARN_BLOCK_CAPTURE_AUTORELEASING = YES;
				CLANG_WARN_BOOL_CONVERSION = YES;
				CLANG_WARN_COMMA = YES;
				CLANG_WARN_CONSTANT_CONVERSION = YES;
				CLANG_WARN_DEPRECATED_OBJC_IMPLEMENTATIONS = YES;
				CLANG_WARN_DIRECT_OBJC_ISA_USAGE = YES_ERROR;
				CLANG_WARN_DOCUMENTATION_COMMENTS = YES;
				CLANG_WARN_EMPTY_BODY = YES;
				CLANG_WARN_ENUM_CONVERSION = YES;
				CLANG_WARN_INFINITE_RECURSION = YES;
				CLANG_WARN_INT_CONVERSION = YES;
				CLANG_WARN_NON_LITERAL_NULL_CONVERSION = YES;
				CLANG_WARN_OBJC_IMPLICIT_RETAIN_SELF = YES;
				CLANG_WARN_OBJC_LITERAL_CONVERSION = YES;
				CLANG_WARN_OBJC_ROOT_CLASS = YES_ERROR;
				CLANG_WARN_QUOTED_INCLUDE_IN_FRAMEWORK_HEADER = YES;
				CLANG_WARN_RANGE_LOOP_ANALYSIS = YES;
				CLANG_WARN_STRICT_PROTOTYPES = YES;
				CLANG_WARN_SUSPICIOUS_MOVE = YES;
				CLANG_WARN_UNGUARDED_AVAILABILITY = YES_AGGRESSIVE;
				CLANG_WARN_UNREACHABLE_CODE = YES;
				CLANG_WARN__DUPLICATE_METHOD_MATCH = YES;
				COPY_PHASE_STRIP = NO;
				DEBUG_INFORMATION_FORMAT = dwarf;
				ENABLE_STRICT_OBJC_MSGSEND = YES;
				ENABLE_TESTABILITY = YES;
				GCC_C_LANGUAGE_STANDARD = gnu11;
				GCC_DYNAMIC_NO_PIC = NO;
				GCC_NO_COMMON_BLOCKS = YES;
				GCC_OPTIMIZATION_LEVEL = 0;
				GCC_PREPROCESSOR_DEFINITIONS = (
					"DEBUG=1",
					"$(inherited)",
				);
				GCC_WARN_64_TO_32_BIT_CONVERSION = YES;
				GCC_WARN_ABOUT_RETURN_TYPE = YES_ERROR;
				GCC_WARN_UNDECLARED_SELECTOR = YES;
				GCC_WARN_UNINITIALIZED_AUTOS = YES_AGGRESSIVE;
				GCC_WARN_UNUSED_FUNCTION = YES;
				GCC_WARN_UNUSED_VARIABLE = YES;
				IPHONEOS_DEPLOYMENT_TARGET = 16.0;
				MTL_ENABLE_DEBUG_INFO = INCLUDE_SOURCE;
				MTL_FAST_MATH = YES;
				ONLY_ACTIVE_ARCH = YES;
				SDKROOT = iphoneos;
				SWIFT_ACTIVE_COMPILATION_CONDITIONS = DEBUG;
				SWIFT_OPTIMIZATION_LEVEL = "-Onone";
			};
			name = Debug;
		};
		C74A2C1B26C6F1AB001F5508 /* Release */ = {
			isa = XCBuildConfiguration;
			buildSettings = {
				ALWAYS_SEARCH_USER_PATHS = NO;
				CLANG_ANALYZER_NONNULL = YES;
				CLANG_ANALYZER_NUMBER_OBJECT_CONVERSION = YES_AGGRESSIVE;
				CLANG_CXX_LANGUAGE_STANDARD = "gnu++14";
				CLANG_CXX_LIBRARY = "libc++";
				CLANG_ENABLE_MODULES = YES;
				CLANG_ENABLE_OBJC_ARC = YES;
				CLANG_ENABLE_OBJC_WEAK = YES;
				CLANG_WARN_BLOCK_CAPTURE_AUTORELEASING = YES;
				CLANG_WARN_BOOL_CONVERSION = YES;
				CLANG_WARN_COMMA = YES;
				CLANG_WARN_CONSTANT_CONVERSION = YES;
				CLANG_WARN_DEPRECATED_OBJC_IMPLEMENTATIONS = YES;
				CLANG_WARN_DIRECT_OBJC_ISA_USAGE = YES_ERROR;
				CLANG_WARN_DOCUMENTATION_COMMENTS = YES;
				CLANG_WARN_EMPTY_BODY = YES;
				CLANG_WARN_ENUM_CONVERSION = YES;
				CLANG_WARN_INFINITE_RECURSION = YES;
				CLANG_WARN_INT_CONVERSION = YES;
				CLANG_WARN_NON_LITERAL_NULL_CONVERSION = YES;
				CLANG_WARN_OBJC_IMPLICIT_RETAIN_SELF = YES;
				CLANG_WARN_OBJC_LITERAL_CONVERSION = YES;
				CLANG_WARN_OBJC_ROOT_CLASS = YES_ERROR;
				CLANG_WARN_QUOTED_INCLUDE_IN_FRAMEWORK_HEADER = YES;
				CLANG_WARN_RANGE_LOOP_ANALYSIS = YES;
				CLANG_WARN_STRICT_PROTOTYPES = YES;
				CLANG_WARN_SUSPICIOUS_MOVE = YES;
				CLANG_WARN_UNGUARDED_AVAILABILITY = YES_AGGRESSIVE;
				CLANG_WARN_UNREACHABLE_CODE = YES;
				CLANG_WARN__DUPLICATE_METHOD_MATCH = YES;
				COPY_PHASE_STRIP = NO;
				DEBUG_INFORMATION_FORMAT = "dwarf-with-dsym";
				ENABLE_NS_ASSERTIONS = NO;
				ENABLE_STRICT_OBJC_MSGSEND = YES;
				GCC_C_LANGUAGE_STANDARD = gnu11;
				GCC_NO_COMMON_BLOCKS = YES;
				GCC_WARN_64_TO_32_BIT_CONVERSION = YES;
				GCC_WARN_ABOUT_RETURN_TYPE = YES_ERROR;
				GCC_WARN_UNDECLARED_SELECTOR = YES;
				GCC_WARN_UNINITIALIZED_AUTOS = YES_AGGRESSIVE;
				GCC_WARN_UNUSED_FUNCTION = YES;
				GCC_WARN_UNUSED_VARIABLE = YES;
				IPHONEOS_DEPLOYMENT_TARGET = 16.0;
				MTL_ENABLE_DEBUG_INFO = NO;
				MTL_FAST_MATH = YES;
				SDKROOT = iphoneos;
				SWIFT_COMPILATION_MODE = wholemodule;
				SWIFT_OPTIMIZATION_LEVEL = "-O";
				VALIDATE_PRODUCT = YES;
			};
			name = Release;
		};
		C74A2C1D26C6F1AB001F5508 /* Debug */ = {
			isa = XCBuildConfiguration;
			baseConfigurationReference = 1490C37008ADFB04917EC3DB /* Pods-MyChecklist.debug.xcconfig */;
			buildSettings = {
				ASSETCATALOG_COMPILER_APPICON_NAME = AppIcon;
				ASSETCATALOG_COMPILER_GLOBAL_ACCENT_COLOR_NAME = AccentColor;
				CODE_SIGN_STYLE = Automatic;
				CURRENT_PROJECT_VERSION = 2;
				DEVELOPMENT_TEAM = XV385A5Y4L;
				INFOPLIST_FILE = MyChecklist/Info.plist;
				INFOPLIST_KEY_CFBundleDisplayName = "My checklist";
				INFOPLIST_KEY_LSApplicationCategoryType = "public.app-category.healthcare-fitness";
				IPHONEOS_DEPLOYMENT_TARGET = 16.0;
				LD_RUNPATH_SEARCH_PATHS = (
					"$(inherited)",
					"@executable_path/Frameworks",
				);
				MARKETING_VERSION = 1.0.2;
				PRODUCT_BUNDLE_IDENTIFIER = ru.basharslanaliev.MyChecklist;
				PRODUCT_NAME = "${TARGET_NAME}";
				SWIFT_VERSION = 5.0;
				TARGETED_DEVICE_FAMILY = 1;
			};
			name = Debug;
		};
		C74A2C1E26C6F1AB001F5508 /* Release */ = {
			isa = XCBuildConfiguration;
			baseConfigurationReference = 634AC44DAE9B43728C008EFE /* Pods-MyChecklist.release.xcconfig */;
			buildSettings = {
				ASSETCATALOG_COMPILER_APPICON_NAME = AppIcon;
				ASSETCATALOG_COMPILER_GLOBAL_ACCENT_COLOR_NAME = AccentColor;
				CODE_SIGN_STYLE = Automatic;
				CURRENT_PROJECT_VERSION = 2;
				DEVELOPMENT_TEAM = XV385A5Y4L;
				INFOPLIST_FILE = MyChecklist/Info.plist;
				INFOPLIST_KEY_CFBundleDisplayName = "My checklist";
				INFOPLIST_KEY_LSApplicationCategoryType = "public.app-category.healthcare-fitness";
				IPHONEOS_DEPLOYMENT_TARGET = 16.0;
				LD_RUNPATH_SEARCH_PATHS = (
					"$(inherited)",
					"@executable_path/Frameworks",
				);
				MARKETING_VERSION = 1.0.2;
				PRODUCT_BUNDLE_IDENTIFIER = ru.basharslanaliev.MyChecklist;
				PRODUCT_NAME = "${TARGET_NAME}";
				SWIFT_VERSION = 5.0;
				TARGETED_DEVICE_FAMILY = 1;
			};
			name = Release;
		};
/* End XCBuildConfiguration section */

/* Begin XCConfigurationList section */
		C7418B272710E3F70018A233 /* Build configuration list for PBXNativeTarget "MyChecklistUnitTests" */ = {
			isa = XCConfigurationList;
			buildConfigurations = (
				C7418B282710E3F70018A233 /* Debug */,
				C7418B292710E3F70018A233 /* Release */,
			);
			defaultConfigurationIsVisible = 0;
			defaultConfigurationName = Release;
		};
		C74A2C0326C6F1A9001F5508 /* Build configuration list for PBXProject "MyChecklist" */ = {
			isa = XCConfigurationList;
			buildConfigurations = (
				C74A2C1A26C6F1AB001F5508 /* Debug */,
				C74A2C1B26C6F1AB001F5508 /* Release */,
			);
			defaultConfigurationIsVisible = 0;
			defaultConfigurationName = Release;
		};
		C74A2C1C26C6F1AB001F5508 /* Build configuration list for PBXNativeTarget "MyChecklist" */ = {
			isa = XCConfigurationList;
			buildConfigurations = (
				C74A2C1D26C6F1AB001F5508 /* Debug */,
				C74A2C1E26C6F1AB001F5508 /* Release */,
			);
			defaultConfigurationIsVisible = 0;
			defaultConfigurationName = Release;
		};
/* End XCConfigurationList section */
	};
	rootObject = C74A2C0026C6F1A9001F5508 /* Project object */;
}
